// !$*UTF8*$!
{
	archiveVersion = 1;
	classes = {
	};
	objectVersion = 50;
	objects = {

/* Begin PBXBuildFile section */
		B701ECF62609EF2B00D3D5A8 /* Jeu.swift in Sources */ = {isa = PBXBuildFile; fileRef = B701ECF52609EF2B00D3D5A8 /* Jeu.swift */; };
		B701ECF92609EFE800D3D5A8 /* JeuIntent.swift in Sources */ = {isa = PBXBuildFile; fileRef = B701ECF82609EFE800D3D5A8 /* JeuIntent.swift */; };
		B701ED0E2609F12400D3D5A8 /* JeuViewModel.swift in Sources */ = {isa = PBXBuildFile; fileRef = B701ED0D2609F12400D3D5A8 /* JeuViewModel.swift */; };
		B743C6BA2615A74500F2476D /* EditorJeuxView.swift in Sources */ = {isa = PBXBuildFile; fileRef = B743C6B92615A74500F2476D /* EditorJeuxView.swift */; };
		B743C6C12615A83500F2476D /* EditorJeuxViewIntent.swift in Sources */ = {isa = PBXBuildFile; fileRef = B743C6C02615A83500F2476D /* EditorJeuxViewIntent.swift */; };
		B743C6C42615A8C200F2476D /* EditorJeuxViewModel.swift in Sources */ = {isa = PBXBuildFile; fileRef = B743C6C32615A8C200F2476D /* EditorJeuxViewModel.swift */; };
		B743C6C72615A93400F2476D /* EditorJeux.swift in Sources */ = {isa = PBXBuildFile; fileRef = B743C6C62615A93400F2476D /* EditorJeux.swift */; };
		B743C6CB2615BCAA00F2476D /* JeuListViewModel.swift in Sources */ = {isa = PBXBuildFile; fileRef = B743C6CA2615BCAA00F2476D /* JeuListViewModel.swift */; };
		B743C6CE2615BCE800F2476D /* JeuList.swift in Sources */ = {isa = PBXBuildFile; fileRef = B743C6CD2615BCE800F2476D /* JeuList.swift */; };
		B743C6D12615BD5A00F2476D /* EditorListViewModel.swift in Sources */ = {isa = PBXBuildFile; fileRef = B743C6D02615BD5A00F2476D /* EditorListViewModel.swift */; };
		B743C6D42615BD7900F2476D /* EditorList.swift in Sources */ = {isa = PBXBuildFile; fileRef = B743C6D32615BD7900F2476D /* EditorList.swift */; };
		B743C6D72615BD8A00F2476D /* EditorListView.swift in Sources */ = {isa = PBXBuildFile; fileRef = B743C6D62615BD8A00F2476D /* EditorListView.swift */; };
		B743C6DA2615BD9F00F2476D /* Editor.swift in Sources */ = {isa = PBXBuildFile; fileRef = B743C6D92615BD9E00F2476D /* Editor.swift */; };
		B743C6DD2615BDAB00F2476D /* EditorViewModel.swift in Sources */ = {isa = PBXBuildFile; fileRef = B743C6DC2615BDAB00F2476D /* EditorViewModel.swift */; };
		B743C6E02615BE1D00F2476D /* EditorListViewIntent.swift in Sources */ = {isa = PBXBuildFile; fileRef = B743C6DF2615BE1D00F2476D /* EditorListViewIntent.swift */; };
		B743C6E32615BE7D00F2476D /* JeuListView.swift in Sources */ = {isa = PBXBuildFile; fileRef = B743C6E22615BE7D00F2476D /* JeuListView.swift */; };
		B743C6E62615BEC100F2476D /* JeuListViewIntent.swift in Sources */ = {isa = PBXBuildFile; fileRef = B743C6E52615BEC100F2476D /* JeuListViewIntent.swift */; };
		CC718DC1260B818200F0C45F /* Zone.swift in Sources */ = {isa = PBXBuildFile; fileRef = CC718DC0260B818200F0C45F /* Zone.swift */; };
		CC718DC9260B974900F0C45F /* ZoneListView.swift in Sources */ = {isa = PBXBuildFile; fileRef = CC718DC8260B974900F0C45F /* ZoneListView.swift */; };
		CC718DD9260E9BD900F0C45F /* ApiHelper.swift in Sources */ = {isa = PBXBuildFile; fileRef = CC718DD8260E9BD900F0C45F /* ApiHelper.swift */; };
		CC718DDE260F97B700F0C45F /* ZoneViewModel.swift in Sources */ = {isa = PBXBuildFile; fileRef = CC718DDD260F97B700F0C45F /* ZoneViewModel.swift */; };
		CC718DE1260F9E7A00F0C45F /* ZoneListHelper.swift in Sources */ = {isa = PBXBuildFile; fileRef = CC718DE0260F9E7A00F0C45F /* ZoneListHelper.swift */; };
		CC718DE426109CE900F0C45F /* ZoneIntent.swift in Sources */ = {isa = PBXBuildFile; fileRef = CC718DE326109CE900F0C45F /* ZoneIntent.swift */; };
		CC718DEA2610AA4A00F0C45F /* SearchZoneViewModel.swift in Sources */ = {isa = PBXBuildFile; fileRef = CC718DE92610AA4A00F0C45F /* SearchZoneViewModel.swift */; };
		CC718DF72610F5B700F0C45F /* JeuView.swift in Sources */ = {isa = PBXBuildFile; fileRef = CC718DF62610F5B700F0C45F /* JeuView.swift */; };
		CC718DFB2611096800F0C45F /* JeuDetailView.swift in Sources */ = {isa = PBXBuildFile; fileRef = CC718DFA2611096800F0C45F /* JeuDetailView.swift */; };
		CC84C0382615A65300CC2BF3 /* JeuxListView.swift in Sources */ = {isa = PBXBuildFile; fileRef = CC84C0372615A65300CC2BF3 /* JeuxListView.swift */; };
		CC84C03B2615B6D300CC2BF3 /* ZoneJeuxIntent.swift in Sources */ = {isa = PBXBuildFile; fileRef = CC84C03A2615B6D300CC2BF3 /* ZoneJeuxIntent.swift */; };
		CC84C03E2615B82200CC2BF3 /* ZoneJeuxViewModel.swift in Sources */ = {isa = PBXBuildFile; fileRef = CC84C03D2615B82200CC2BF3 /* ZoneJeuxViewModel.swift */; };
		CC84C0412615B8F800CC2BF3 /* ZoneJeux.swift in Sources */ = {isa = PBXBuildFile; fileRef = CC84C0402615B8F800CC2BF3 /* ZoneJeux.swift */; };
		CC84C0442615BB0600CC2BF3 /* ZoneJeuxView.swift in Sources */ = {isa = PBXBuildFile; fileRef = CC84C0432615BB0600CC2BF3 /* ZoneJeuxView.swift */; };
		CC8DD3AA2600F08C0006DB23 /* FDJApp.swift in Sources */ = {isa = PBXBuildFile; fileRef = CC8DD3A92600F08C0006DB23 /* FDJApp.swift */; };
		CC8DD3AE2600F08E0006DB23 /* Assets.xcassets in Resources */ = {isa = PBXBuildFile; fileRef = CC8DD3AD2600F08E0006DB23 /* Assets.xcassets */; };
		CC8DD3B12600F08E0006DB23 /* Preview Assets.xcassets in Resources */ = {isa = PBXBuildFile; fileRef = CC8DD3B02600F08E0006DB23 /* Preview Assets.xcassets */; };
		CC9E497126126CF8007B586F /* Zonelist.swift in Sources */ = {isa = PBXBuildFile; fileRef = CC9E497026126CF8007B586F /* Zonelist.swift */; };
		CC9E49752614A34B007B586F /* MainView.swift in Sources */ = {isa = PBXBuildFile; fileRef = CC9E49742614A34B007B586F /* MainView.swift */; };
		F356139F2614B89900D98E91 /* EditorListView.swift in Sources */ = {isa = PBXBuildFile; fileRef = F356139E2614B89900D98E91 /* EditorListView.swift */; };
		F35613A52614B98C00D98E91 /* EditorList.swift in Sources */ = {isa = PBXBuildFile; fileRef = F35613A42614B98C00D98E91 /* EditorList.swift */; };
		F35613A82614B9F700D98E91 /* Editor.swift in Sources */ = {isa = PBXBuildFile; fileRef = F35613A72614B9F700D98E91 /* Editor.swift */; };
		F35613AB2614BC7B00D98E91 /* EditorListViewModel.swift in Sources */ = {isa = PBXBuildFile; fileRef = F35613AA2614BC7B00D98E91 /* EditorListViewModel.swift */; };
		F35613AF2614BE6400D98E91 /* EditorViewModel.swift in Sources */ = {isa = PBXBuildFile; fileRef = F35613AE2614BE6400D98E91 /* EditorViewModel.swift */; };
		F35613B42614C32800D98E91 /* Editeur.swift in Sources */ = {isa = PBXBuildFile; fileRef = F35613B32614C32800D98E91 /* Editeur.swift */; };
		F35613B72614C4DE00D98E91 /* EditorListViewIntent.swift in Sources */ = {isa = PBXBuildFile; fileRef = F35613B62614C4DE00D98E91 /* EditorListViewIntent.swift */; };
		CC9E498326150690007B586F /* ListJeuxViewModel.swift in Sources */ = {isa = PBXBuildFile; fileRef = CC9E498226150690007B586F /* ListJeuxViewModel.swift */; };
		CC9E498626150F54007B586F /* JeuxList.swift in Sources */ = {isa = PBXBuildFile; fileRef = CC9E498526150F54007B586F /* JeuxList.swift */; };
		CC9E498926152592007B586F /* JeuxListHelper.swift in Sources */ = {isa = PBXBuildFile; fileRef = CC9E498826152592007B586F /* JeuxListHelper.swift */; };
/* End PBXBuildFile section */

/* Begin PBXFileReference section */
		B701ECF52609EF2B00D3D5A8 /* Jeu.swift */ = {isa = PBXFileReference; lastKnownFileType = sourcecode.swift; name = Jeu.swift; path = FDJ/Models/Jeu.swift; sourceTree = SOURCE_ROOT; };
		B701ECF82609EFE800D3D5A8 /* JeuIntent.swift */ = {isa = PBXFileReference; lastKnownFileType = sourcecode.swift; name = JeuIntent.swift; path = FDJ/Intent/JeuIntent.swift; sourceTree = SOURCE_ROOT; };
		B701ED0D2609F12400D3D5A8 /* JeuViewModel.swift */ = {isa = PBXFileReference; lastKnownFileType = sourcecode.swift; path = JeuViewModel.swift; sourceTree = "<group>"; };
		B743C6B92615A74500F2476D /* EditorJeuxView.swift */ = {isa = PBXFileReference; lastKnownFileType = sourcecode.swift; path = EditorJeuxView.swift; sourceTree = "<group>"; };
		B743C6C02615A83500F2476D /* EditorJeuxViewIntent.swift */ = {isa = PBXFileReference; lastKnownFileType = sourcecode.swift; path = EditorJeuxViewIntent.swift; sourceTree = "<group>"; };
		B743C6C32615A8C200F2476D /* EditorJeuxViewModel.swift */ = {isa = PBXFileReference; lastKnownFileType = sourcecode.swift; path = EditorJeuxViewModel.swift; sourceTree = "<group>"; };
		B743C6C62615A93400F2476D /* EditorJeux.swift */ = {isa = PBXFileReference; lastKnownFileType = sourcecode.swift; path = EditorJeux.swift; sourceTree = "<group>"; };
		B743C6CA2615BCAA00F2476D /* JeuListViewModel.swift */ = {isa = PBXFileReference; fileEncoding = 4; lastKnownFileType = sourcecode.swift; path = JeuListViewModel.swift; sourceTree = "<group>"; };
		B743C6CD2615BCE800F2476D /* JeuList.swift */ = {isa = PBXFileReference; fileEncoding = 4; lastKnownFileType = sourcecode.swift; path = JeuList.swift; sourceTree = "<group>"; };
		B743C6D02615BD5A00F2476D /* EditorListViewModel.swift */ = {isa = PBXFileReference; fileEncoding = 4; lastKnownFileType = sourcecode.swift; path = EditorListViewModel.swift; sourceTree = "<group>"; };
		B743C6D32615BD7900F2476D /* EditorList.swift */ = {isa = PBXFileReference; fileEncoding = 4; lastKnownFileType = sourcecode.swift; path = EditorList.swift; sourceTree = "<group>"; };
		B743C6D62615BD8A00F2476D /* EditorListView.swift */ = {isa = PBXFileReference; fileEncoding = 4; lastKnownFileType = sourcecode.swift; path = EditorListView.swift; sourceTree = "<group>"; };
		B743C6D92615BD9E00F2476D /* Editor.swift */ = {isa = PBXFileReference; fileEncoding = 4; lastKnownFileType = sourcecode.swift; path = Editor.swift; sourceTree = "<group>"; };
		B743C6DC2615BDAB00F2476D /* EditorViewModel.swift */ = {isa = PBXFileReference; fileEncoding = 4; lastKnownFileType = sourcecode.swift; path = EditorViewModel.swift; sourceTree = "<group>"; };
		B743C6DF2615BE1D00F2476D /* EditorListViewIntent.swift */ = {isa = PBXFileReference; fileEncoding = 4; lastKnownFileType = sourcecode.swift; path = EditorListViewIntent.swift; sourceTree = "<group>"; };
		B743C6E22615BE7D00F2476D /* JeuListView.swift */ = {isa = PBXFileReference; fileEncoding = 4; lastKnownFileType = sourcecode.swift; path = JeuListView.swift; sourceTree = "<group>"; };
		B743C6E52615BEC100F2476D /* JeuListViewIntent.swift */ = {isa = PBXFileReference; fileEncoding = 4; lastKnownFileType = sourcecode.swift; path = JeuListViewIntent.swift; sourceTree = "<group>"; };
		CC718DC0260B818200F0C45F /* Zone.swift */ = {isa = PBXFileReference; lastKnownFileType = sourcecode.swift; name = Zone.swift; path = FDJ/Models/Zone.swift; sourceTree = SOURCE_ROOT; };
		CC718DC8260B974900F0C45F /* ZoneListView.swift */ = {isa = PBXFileReference; lastKnownFileType = sourcecode.swift; path = ZoneListView.swift; sourceTree = "<group>"; };
		CC718DD8260E9BD900F0C45F /* ApiHelper.swift */ = {isa = PBXFileReference; lastKnownFileType = sourcecode.swift; path = ApiHelper.swift; sourceTree = "<group>"; };
		CC718DDD260F97B700F0C45F /* ZoneViewModel.swift */ = {isa = PBXFileReference; lastKnownFileType = sourcecode.swift; path = ZoneViewModel.swift; sourceTree = "<group>"; };
		CC718DE0260F9E7A00F0C45F /* ZoneListHelper.swift */ = {isa = PBXFileReference; lastKnownFileType = sourcecode.swift; path = ZoneListHelper.swift; sourceTree = "<group>"; };
		CC718DE326109CE900F0C45F /* ZoneIntent.swift */ = {isa = PBXFileReference; lastKnownFileType = sourcecode.swift; name = ZoneIntent.swift; path = FDJ/Intent/ZoneIntent.swift; sourceTree = SOURCE_ROOT; };
		CC718DE92610AA4A00F0C45F /* SearchZoneViewModel.swift */ = {isa = PBXFileReference; lastKnownFileType = sourcecode.swift; path = SearchZoneViewModel.swift; sourceTree = "<group>"; };
		CC718DF62610F5B700F0C45F /* JeuView.swift */ = {isa = PBXFileReference; lastKnownFileType = sourcecode.swift; path = JeuView.swift; sourceTree = "<group>"; };
		CC718DFA2611096800F0C45F /* JeuDetailView.swift */ = {isa = PBXFileReference; lastKnownFileType = sourcecode.swift; path = JeuDetailView.swift; sourceTree = "<group>"; };
		CC84C0372615A65300CC2BF3 /* JeuxListView.swift */ = {isa = PBXFileReference; lastKnownFileType = sourcecode.swift; path = JeuxListView.swift; sourceTree = "<group>"; };
		CC84C03A2615B6D300CC2BF3 /* ZoneJeuxIntent.swift */ = {isa = PBXFileReference; lastKnownFileType = sourcecode.swift; path = ZoneJeuxIntent.swift; sourceTree = "<group>"; };
		CC84C03D2615B82200CC2BF3 /* ZoneJeuxViewModel.swift */ = {isa = PBXFileReference; lastKnownFileType = sourcecode.swift; path = ZoneJeuxViewModel.swift; sourceTree = "<group>"; };
		CC84C0402615B8F800CC2BF3 /* ZoneJeux.swift */ = {isa = PBXFileReference; lastKnownFileType = sourcecode.swift; path = ZoneJeux.swift; sourceTree = "<group>"; };
		CC84C0432615BB0600CC2BF3 /* ZoneJeuxView.swift */ = {isa = PBXFileReference; lastKnownFileType = sourcecode.swift; path = ZoneJeuxView.swift; sourceTree = "<group>"; };
		CC8DD3A62600F08C0006DB23 /* FDJ.app */ = {isa = PBXFileReference; explicitFileType = wrapper.application; includeInIndex = 0; path = FDJ.app; sourceTree = BUILT_PRODUCTS_DIR; };
		CC8DD3A92600F08C0006DB23 /* FDJApp.swift */ = {isa = PBXFileReference; lastKnownFileType = sourcecode.swift; path = FDJApp.swift; sourceTree = "<group>"; };
		CC8DD3AD2600F08E0006DB23 /* Assets.xcassets */ = {isa = PBXFileReference; lastKnownFileType = folder.assetcatalog; path = Assets.xcassets; sourceTree = "<group>"; };
		CC8DD3B02600F08E0006DB23 /* Preview Assets.xcassets */ = {isa = PBXFileReference; lastKnownFileType = folder.assetcatalog; path = "Preview Assets.xcassets"; sourceTree = "<group>"; };
		CC8DD3B22600F08E0006DB23 /* Info.plist */ = {isa = PBXFileReference; lastKnownFileType = text.plist.xml; path = Info.plist; sourceTree = "<group>"; };
		CC9E497026126CF8007B586F /* Zonelist.swift */ = {isa = PBXFileReference; lastKnownFileType = sourcecode.swift; path = Zonelist.swift; sourceTree = "<group>"; };
		CC9E49742614A34B007B586F /* MainView.swift */ = {isa = PBXFileReference; lastKnownFileType = sourcecode.swift; path = MainView.swift; sourceTree = "<group>"; };
		F356139E2614B89900D98E91 /* EditorListView.swift */ = {isa = PBXFileReference; lastKnownFileType = sourcecode.swift; path = EditorListView.swift; sourceTree = "<group>"; };
		F35613A42614B98C00D98E91 /* EditorList.swift */ = {isa = PBXFileReference; lastKnownFileType = sourcecode.swift; path = EditorList.swift; sourceTree = "<group>"; };
		F35613A72614B9F700D98E91 /* Editor.swift */ = {isa = PBXFileReference; lastKnownFileType = sourcecode.swift; path = Editor.swift; sourceTree = "<group>"; };
		F35613AA2614BC7B00D98E91 /* EditorListViewModel.swift */ = {isa = PBXFileReference; lastKnownFileType = sourcecode.swift; path = EditorListViewModel.swift; sourceTree = "<group>"; };
		F35613AE2614BE6400D98E91 /* EditorViewModel.swift */ = {isa = PBXFileReference; lastKnownFileType = sourcecode.swift; path = EditorViewModel.swift; sourceTree = "<group>"; };
		F35613B32614C32800D98E91 /* Editeur.swift */ = {isa = PBXFileReference; lastKnownFileType = sourcecode.swift; path = Editeur.swift; sourceTree = "<group>"; };
		F35613B62614C4DE00D98E91 /* EditorListViewIntent.swift */ = {isa = PBXFileReference; lastKnownFileType = sourcecode.swift; path = EditorListViewIntent.swift; sourceTree = "<group>"; };

		CC9E498226150690007B586F /* ListJeuxViewModel.swift */ = {isa = PBXFileReference; lastKnownFileType = sourcecode.swift; path = ListJeuxViewModel.swift; sourceTree = "<group>"; };
		CC9E498526150F54007B586F /* JeuxList.swift */ = {isa = PBXFileReference; lastKnownFileType = sourcecode.swift; path = JeuxList.swift; sourceTree = "<group>"; };
		CC9E498826152592007B586F /* JeuxListHelper.swift */ = {isa = PBXFileReference; lastKnownFileType = sourcecode.swift; path = JeuxListHelper.swift; sourceTree = "<group>"; };
/* End PBXFileReference section */

/* Begin PBXFrameworksBuildPhase section */
		CC8DD3A32600F08C0006DB23 /* Frameworks */ = {
			isa = PBXFrameworksBuildPhase;
			buildActionMask = 2147483647;
			files = (
			);
			runOnlyForDeploymentPostprocessing = 0;
		};
/* End PBXFrameworksBuildPhase section */

/* Begin PBXGroup section */
		B701ECF42609EEF600D3D5A8 /* ViewModel */ = {
			isa = PBXGroup;
			children = (
				B743C6DC2615BDAB00F2476D /* EditorViewModel.swift */,
				B743C6D02615BD5A00F2476D /* EditorListViewModel.swift */,
				B743C6CA2615BCAA00F2476D /* JeuListViewModel.swift */,
				B701ED0D2609F12400D3D5A8 /* JeuViewModel.swift */,
				CC718DDD260F97B700F0C45F /* ZoneViewModel.swift */,
				CC718DE92610AA4A00F0C45F /* SearchZoneViewModel.swift */,
				F35613AA2614BC7B00D98E91 /* EditorListViewModel.swift */,
				F35613AE2614BE6400D98E91 /* EditorViewModel.swift */,
				B743C6C32615A8C200F2476D /* EditorJeuxViewModel.swift */,
				CC9E498226150690007B586F /* ListJeuxViewModel.swift */,
				CC84C03D2615B82200CC2BF3 /* ZoneJeuxViewModel.swift */,
			);
			path = ViewModel;
			sourceTree = "<group>";
		};
		CC718DD7260E997200F0C45F /* Helper */ = {
			isa = PBXGroup;
			children = (
				CC718DD8260E9BD900F0C45F /* ApiHelper.swift */,
				CC718DE0260F9E7A00F0C45F /* ZoneListHelper.swift */,
				CC9E498826152592007B586F /* JeuxListHelper.swift */,
			);
			path = Helper;
			sourceTree = "<group>";
		};
		CC718DFD26112E5600F0C45F /* Intent */ = {
			isa = PBXGroup;
			children = (
				B743C6E52615BEC100F2476D /* JeuListViewIntent.swift */,
				B743C6DF2615BE1D00F2476D /* EditorListViewIntent.swift */,
				CC718DE326109CE900F0C45F /* ZoneIntent.swift */,
				B701ECF82609EFE800D3D5A8 /* JeuIntent.swift */,
				F35613B62614C4DE00D98E91 /* EditorListViewIntent.swift */,
				B743C6C02615A83500F2476D /* EditorJeuxViewIntent.swift */,
				CC84C03A2615B6D300CC2BF3 /* ZoneJeuxIntent.swift */,
			);
			path = Intent;
			sourceTree = "<group>";
		};
		CC718DFE26112E7000F0C45F /* Models */ = {
			isa = PBXGroup;
			children = (
				B743C6D92615BD9E00F2476D /* Editor.swift */,
				B743C6D32615BD7900F2476D /* EditorList.swift */,
				B743C6CD2615BCE800F2476D /* JeuList.swift */,
				CC718DD2260C83FF00F0C45F /* Editeur.swift */,
				CC718DC0260B818200F0C45F /* Zone.swift */,
				B701ECF52609EF2B00D3D5A8 /* Jeu.swift */,
				CC9E497026126CF8007B586F /* Zonelist.swift */,
				F35613A42614B98C00D98E91 /* EditorList.swift */,
				F35613A72614B9F700D98E91 /* Editor.swift */,
				F35613B32614C32800D98E91 /* Editeur.swift */,
				B743C6C62615A93400F2476D /* EditorJeux.swift */,
				CC9E498526150F54007B586F /* JeuxList.swift */,
				CC84C0402615B8F800CC2BF3 /* ZoneJeux.swift */,
			);
			path = Models;
			sourceTree = "<group>";
		};
		CC8DD39D2600F08C0006DB23 = {
			isa = PBXGroup;
			children = (
				CC8DD3A82600F08C0006DB23 /* FDJ */,
				CC8DD3A72600F08C0006DB23 /* Products */,
			);
			sourceTree = "<group>";
		};
		CC8DD3A72600F08C0006DB23 /* Products */ = {
			isa = PBXGroup;
			children = (
				CC8DD3A62600F08C0006DB23 /* FDJ.app */,
			);
			name = Products;
			sourceTree = "<group>";
		};
		CC8DD3A82600F08C0006DB23 /* FDJ */ = {
			isa = PBXGroup;
			children = (
				CC718DFE26112E7000F0C45F /* Models */,
				CC718DFD26112E5600F0C45F /* Intent */,
				CC718DD7260E997200F0C45F /* Helper */,
				B701ECF42609EEF600D3D5A8 /* ViewModel */,
				CC8DD3BF2603D29E0006DB23 /* Views */,
				CC8DD3A92600F08C0006DB23 /* FDJApp.swift */,
				CC8DD3AD2600F08E0006DB23 /* Assets.xcassets */,
				CC8DD3B22600F08E0006DB23 /* Info.plist */,
				CC8DD3AF2600F08E0006DB23 /* Preview Content */,
			);
			path = FDJ;
			sourceTree = "<group>";
		};
		CC8DD3AF2600F08E0006DB23 /* Preview Content */ = {
			isa = PBXGroup;
			children = (
				CC8DD3B02600F08E0006DB23 /* Preview Assets.xcassets */,
			);
			path = "Preview Content";
			sourceTree = "<group>";
		};
		CC8DD3BF2603D29E0006DB23 /* Views */ = {
			isa = PBXGroup;
			children = (
				B743C6E22615BE7D00F2476D /* JeuListView.swift */,
				B743C6D62615BD8A00F2476D /* EditorListView.swift */,
				CC718DC8260B974900F0C45F /* ZoneListView.swift */,
				CC718DF62610F5B700F0C45F /* JeuView.swift */,
				CC718DFA2611096800F0C45F /* JeuDetailView.swift */,
				CC9E49742614A34B007B586F /* MainView.swift */,
				F356139E2614B89900D98E91 /* EditorListView.swift */,
				B743C6B92615A74500F2476D /* EditorJeuxView.swift */,
				CC84C0372615A65300CC2BF3 /* JeuxListView.swift */,
				CC84C0432615BB0600CC2BF3 /* ZoneJeuxView.swift */,
			);
			path = Views;
			sourceTree = "<group>";
		};
/* End PBXGroup section */

/* Begin PBXNativeTarget section */
		CC8DD3A52600F08C0006DB23 /* FDJ */ = {
			isa = PBXNativeTarget;
			buildConfigurationList = CC8DD3B52600F08E0006DB23 /* Build configuration list for PBXNativeTarget "FDJ" */;
			buildPhases = (
				CC8DD3A22600F08C0006DB23 /* Sources */,
				CC8DD3A32600F08C0006DB23 /* Frameworks */,
				CC8DD3A42600F08C0006DB23 /* Resources */,
			);
			buildRules = (
			);
			dependencies = (
			);
			name = FDJ;
			productName = FDJ;
			productReference = CC8DD3A62600F08C0006DB23 /* FDJ.app */;
			productType = "com.apple.product-type.application";
		};
/* End PBXNativeTarget section */

/* Begin PBXProject section */
		CC8DD39E2600F08C0006DB23 /* Project object */ = {
			isa = PBXProject;
			attributes = {
				LastSwiftUpdateCheck = 1240;
				LastUpgradeCheck = 1240;
				TargetAttributes = {
					CC8DD3A52600F08C0006DB23 = {
						CreatedOnToolsVersion = 12.4;
					};
				};
			};
			buildConfigurationList = CC8DD3A12600F08C0006DB23 /* Build configuration list for PBXProject "FDJ" */;
			compatibilityVersion = "Xcode 9.3";
			developmentRegion = en;
			hasScannedForEncodings = 0;
			knownRegions = (
				en,
				Base,
			);
			mainGroup = CC8DD39D2600F08C0006DB23;
			productRefGroup = CC8DD3A72600F08C0006DB23 /* Products */;
			projectDirPath = "";
			projectRoot = "";
			targets = (
				CC8DD3A52600F08C0006DB23 /* FDJ */,
			);
		};
/* End PBXProject section */

/* Begin PBXResourcesBuildPhase section */
		CC8DD3A42600F08C0006DB23 /* Resources */ = {
			isa = PBXResourcesBuildPhase;
			buildActionMask = 2147483647;
			files = (
				CC8DD3B12600F08E0006DB23 /* Preview Assets.xcassets in Resources */,
				CC8DD3AE2600F08E0006DB23 /* Assets.xcassets in Resources */,
			);
			runOnlyForDeploymentPostprocessing = 0;
		};
/* End PBXResourcesBuildPhase section */

/* Begin PBXSourcesBuildPhase section */
		CC8DD3A22600F08C0006DB23 /* Sources */ = {
			isa = PBXSourcesBuildPhase;
			buildActionMask = 2147483647;
			files = (
				CC84C0412615B8F800CC2BF3 /* ZoneJeux.swift in Sources */,
				CC84C0382615A65300CC2BF3 /* JeuxListView.swift in Sources */,
				CC9E497126126CF8007B586F /* Zonelist.swift in Sources */,
				CC9E498626150F54007B586F /* JeuxList.swift in Sources */,
				CC718DE1260F9E7A00F0C45F /* ZoneListHelper.swift in Sources */,
				B743C6DA2615BD9F00F2476D /* Editor.swift in Sources */,
				B743C6DD2615BDAB00F2476D /* EditorViewModel.swift in Sources */,
				B743C6D42615BD7900F2476D /* EditorList.swift in Sources */,
				B743C6CB2615BCAA00F2476D /* JeuListViewModel.swift in Sources */,
				CC718DEA2610AA4A00F0C45F /* SearchZoneViewModel.swift in Sources */,
				CC718DDE260F97B700F0C45F /* ZoneViewModel.swift in Sources */,
				B743C6C42615A8C200F2476D /* EditorJeuxViewModel.swift in Sources */,
				CC84C03B2615B6D300CC2BF3 /* ZoneJeuxIntent.swift in Sources */,
				B701ED0E2609F12400D3D5A8 /* JeuViewModel.swift in Sources */,
				B743C6D72615BD8A00F2476D /* EditorListView.swift in Sources */,
				CC8DD3AA2600F08C0006DB23 /* FDJApp.swift in Sources */,
				F35613B42614C32800D98E91 /* Editeur.swift in Sources */,
				B743C6E32615BE7D00F2476D /* JeuListView.swift in Sources */,
				CC718DD9260E9BD900F0C45F /* ApiHelper.swift in Sources */,
				F35613AF2614BE6400D98E91 /* EditorViewModel.swift in Sources */,
				F35613B72614C4DE00D98E91 /* EditorListViewIntent.swift in Sources */,
				CC718DD3260C83FF00F0C45F /* Editeur.swift in Sources */,
				CC9E498926152592007B586F /* JeuxListHelper.swift in Sources */,
				CC84C03E2615B82200CC2BF3 /* ZoneJeuxViewModel.swift in Sources */,
				B743C6E02615BE1D00F2476D /* EditorListViewIntent.swift in Sources */,
				CC718DFB2611096800F0C45F /* JeuDetailView.swift in Sources */,
				CC9E498326150690007B586F /* ListJeuxViewModel.swift in Sources */,
				CC84C0442615BB0600CC2BF3 /* ZoneJeuxView.swift in Sources */,
				CC718DF72610F5B700F0C45F /* JeuView.swift in Sources */,
				CC9E49752614A34B007B586F /* MainView.swift in Sources */,
				F35613A52614B98C00D98E91 /* EditorList.swift in Sources */,
				CC718DC9260B974900F0C45F /* ZoneListView.swift in Sources */,
				CC718DC1260B818200F0C45F /* Zone.swift in Sources */,
				B701ECF92609EFE800D3D5A8 /* JeuIntent.swift in Sources */,
				B743C6C72615A93400F2476D /* EditorJeux.swift in Sources */,
				B743C6BA2615A74500F2476D /* EditorJeuxView.swift in Sources */,
				F356139F2614B89900D98E91 /* EditorListView.swift in Sources */,
				B701ECF62609EF2B00D3D5A8 /* Jeu.swift in Sources */,
				F35613AB2614BC7B00D98E91 /* EditorListViewModel.swift in Sources */,
				B743C6C12615A83500F2476D /* EditorJeuxViewIntent.swift in Sources */,
				CC718DE426109CE900F0C45F /* ZoneIntent.swift in Sources */,
				F35613A82614B9F700D98E91 /* Editor.swift in Sources */,
				B743C6D12615BD5A00F2476D /* EditorListViewModel.swift in Sources */,
				B743C6CE2615BCE800F2476D /* JeuList.swift in Sources */,
				CC718DE426109CE900F0C45F /* ZoneIntent.swift in Sources */,
				B743C6E62615BEC100F2476D /* JeuListViewIntent.swift in Sources */,
			);
			runOnlyForDeploymentPostprocessing = 0;
		};
/* End PBXSourcesBuildPhase section */

/* Begin XCBuildConfiguration section */
		CC8DD3B32600F08E0006DB23 /* Debug */ = {
			isa = XCBuildConfiguration;
			buildSettings = {
				ALWAYS_SEARCH_USER_PATHS = NO;
				CLANG_ANALYZER_NONNULL = YES;
				CLANG_ANALYZER_NUMBER_OBJECT_CONVERSION = YES_AGGRESSIVE;
				CLANG_CXX_LANGUAGE_STANDARD = "gnu++14";
				CLANG_CXX_LIBRARY = "libc++";
				CLANG_ENABLE_MODULES = YES;
				CLANG_ENABLE_OBJC_ARC = YES;
				CLANG_ENABLE_OBJC_WEAK = YES;
				CLANG_WARN_BLOCK_CAPTURE_AUTORELEASING = YES;
				CLANG_WARN_BOOL_CONVERSION = YES;
				CLANG_WARN_COMMA = YES;
				CLANG_WARN_CONSTANT_CONVERSION = YES;
				CLANG_WARN_DEPRECATED_OBJC_IMPLEMENTATIONS = YES;
				CLANG_WARN_DIRECT_OBJC_ISA_USAGE = YES_ERROR;
				CLANG_WARN_DOCUMENTATION_COMMENTS = YES;
				CLANG_WARN_EMPTY_BODY = YES;
				CLANG_WARN_ENUM_CONVERSION = YES;
				CLANG_WARN_INFINITE_RECURSION = YES;
				CLANG_WARN_INT_CONVERSION = YES;
				CLANG_WARN_NON_LITERAL_NULL_CONVERSION = YES;
				CLANG_WARN_OBJC_IMPLICIT_RETAIN_SELF = YES;
				CLANG_WARN_OBJC_LITERAL_CONVERSION = YES;
				CLANG_WARN_OBJC_ROOT_CLASS = YES_ERROR;
				CLANG_WARN_QUOTED_INCLUDE_IN_FRAMEWORK_HEADER = YES;
				CLANG_WARN_RANGE_LOOP_ANALYSIS = YES;
				CLANG_WARN_STRICT_PROTOTYPES = YES;
				CLANG_WARN_SUSPICIOUS_MOVE = YES;
				CLANG_WARN_UNGUARDED_AVAILABILITY = YES_AGGRESSIVE;
				CLANG_WARN_UNREACHABLE_CODE = YES;
				CLANG_WARN__DUPLICATE_METHOD_MATCH = YES;
				COPY_PHASE_STRIP = NO;
				DEBUG_INFORMATION_FORMAT = dwarf;
				ENABLE_STRICT_OBJC_MSGSEND = YES;
				ENABLE_TESTABILITY = YES;
				GCC_C_LANGUAGE_STANDARD = gnu11;
				GCC_DYNAMIC_NO_PIC = NO;
				GCC_NO_COMMON_BLOCKS = YES;
				GCC_OPTIMIZATION_LEVEL = 0;
				GCC_PREPROCESSOR_DEFINITIONS = (
					"DEBUG=1",
					"$(inherited)",
				);
				GCC_WARN_64_TO_32_BIT_CONVERSION = YES;
				GCC_WARN_ABOUT_RETURN_TYPE = YES_ERROR;
				GCC_WARN_UNDECLARED_SELECTOR = YES;
				GCC_WARN_UNINITIALIZED_AUTOS = YES_AGGRESSIVE;
				GCC_WARN_UNUSED_FUNCTION = YES;
				GCC_WARN_UNUSED_VARIABLE = YES;
				IPHONEOS_DEPLOYMENT_TARGET = 14.4;
				MTL_ENABLE_DEBUG_INFO = INCLUDE_SOURCE;
				MTL_FAST_MATH = YES;
				ONLY_ACTIVE_ARCH = YES;
				SDKROOT = iphoneos;
				SWIFT_ACTIVE_COMPILATION_CONDITIONS = DEBUG;
				SWIFT_OPTIMIZATION_LEVEL = "-Onone";
			};
			name = Debug;
		};
		CC8DD3B42600F08E0006DB23 /* Release */ = {
			isa = XCBuildConfiguration;
			buildSettings = {
				ALWAYS_SEARCH_USER_PATHS = NO;
				CLANG_ANALYZER_NONNULL = YES;
				CLANG_ANALYZER_NUMBER_OBJECT_CONVERSION = YES_AGGRESSIVE;
				CLANG_CXX_LANGUAGE_STANDARD = "gnu++14";
				CLANG_CXX_LIBRARY = "libc++";
				CLANG_ENABLE_MODULES = YES;
				CLANG_ENABLE_OBJC_ARC = YES;
				CLANG_ENABLE_OBJC_WEAK = YES;
				CLANG_WARN_BLOCK_CAPTURE_AUTORELEASING = YES;
				CLANG_WARN_BOOL_CONVERSION = YES;
				CLANG_WARN_COMMA = YES;
				CLANG_WARN_CONSTANT_CONVERSION = YES;
				CLANG_WARN_DEPRECATED_OBJC_IMPLEMENTATIONS = YES;
				CLANG_WARN_DIRECT_OBJC_ISA_USAGE = YES_ERROR;
				CLANG_WARN_DOCUMENTATION_COMMENTS = YES;
				CLANG_WARN_EMPTY_BODY = YES;
				CLANG_WARN_ENUM_CONVERSION = YES;
				CLANG_WARN_INFINITE_RECURSION = YES;
				CLANG_WARN_INT_CONVERSION = YES;
				CLANG_WARN_NON_LITERAL_NULL_CONVERSION = YES;
				CLANG_WARN_OBJC_IMPLICIT_RETAIN_SELF = YES;
				CLANG_WARN_OBJC_LITERAL_CONVERSION = YES;
				CLANG_WARN_OBJC_ROOT_CLASS = YES_ERROR;
				CLANG_WARN_QUOTED_INCLUDE_IN_FRAMEWORK_HEADER = YES;
				CLANG_WARN_RANGE_LOOP_ANALYSIS = YES;
				CLANG_WARN_STRICT_PROTOTYPES = YES;
				CLANG_WARN_SUSPICIOUS_MOVE = YES;
				CLANG_WARN_UNGUARDED_AVAILABILITY = YES_AGGRESSIVE;
				CLANG_WARN_UNREACHABLE_CODE = YES;
				CLANG_WARN__DUPLICATE_METHOD_MATCH = YES;
				COPY_PHASE_STRIP = NO;
				DEBUG_INFORMATION_FORMAT = "dwarf-with-dsym";
				ENABLE_NS_ASSERTIONS = NO;
				ENABLE_STRICT_OBJC_MSGSEND = YES;
				GCC_C_LANGUAGE_STANDARD = gnu11;
				GCC_NO_COMMON_BLOCKS = YES;
				GCC_WARN_64_TO_32_BIT_CONVERSION = YES;
				GCC_WARN_ABOUT_RETURN_TYPE = YES_ERROR;
				GCC_WARN_UNDECLARED_SELECTOR = YES;
				GCC_WARN_UNINITIALIZED_AUTOS = YES_AGGRESSIVE;
				GCC_WARN_UNUSED_FUNCTION = YES;
				GCC_WARN_UNUSED_VARIABLE = YES;
				IPHONEOS_DEPLOYMENT_TARGET = 14.4;
				MTL_ENABLE_DEBUG_INFO = NO;
				MTL_FAST_MATH = YES;
				SDKROOT = iphoneos;
				SWIFT_COMPILATION_MODE = wholemodule;
				SWIFT_OPTIMIZATION_LEVEL = "-O";
				VALIDATE_PRODUCT = YES;
			};
			name = Release;
		};
		CC8DD3B62600F08E0006DB23 /* Debug */ = {
			isa = XCBuildConfiguration;
			buildSettings = {
				ASSETCATALOG_COMPILER_APPICON_NAME = AppIcon;
				ASSETCATALOG_COMPILER_GLOBAL_ACCENT_COLOR_NAME = AccentColor;
				CODE_SIGN_STYLE = Automatic;
				DEVELOPMENT_ASSET_PATHS = "\"FDJ/Preview Content\"";
				DEVELOPMENT_TEAM = "";
				ENABLE_PREVIEWS = YES;
				INFOPLIST_FILE = FDJ/Info.plist;
				IPHONEOS_DEPLOYMENT_TARGET = 14.0;
				LD_RUNPATH_SEARCH_PATHS = (
					"$(inherited)",
					"@executable_path/Frameworks",
				);
				PRODUCT_BUNDLE_IDENTIFIER = devapp.FDJ;
				PRODUCT_NAME = "$(TARGET_NAME)";
				SWIFT_VERSION = 5.0;
				TARGETED_DEVICE_FAMILY = "1,2";
			};
			name = Debug;
		};
		CC8DD3B72600F08E0006DB23 /* Release */ = {
			isa = XCBuildConfiguration;
			buildSettings = {
				ASSETCATALOG_COMPILER_APPICON_NAME = AppIcon;
				ASSETCATALOG_COMPILER_GLOBAL_ACCENT_COLOR_NAME = AccentColor;
				CODE_SIGN_STYLE = Automatic;
				DEVELOPMENT_ASSET_PATHS = "\"FDJ/Preview Content\"";
				DEVELOPMENT_TEAM = R45NUN4475;
				ENABLE_PREVIEWS = YES;
				INFOPLIST_FILE = FDJ/Info.plist;
				IPHONEOS_DEPLOYMENT_TARGET = 14.0;
				LD_RUNPATH_SEARCH_PATHS = (
					"$(inherited)",
					"@executable_path/Frameworks",
				);
				PRODUCT_BUNDLE_IDENTIFIER = devapp.FDJ;
				PRODUCT_NAME = "$(TARGET_NAME)";
				SWIFT_VERSION = 5.0;
				TARGETED_DEVICE_FAMILY = "1,2";
			};
			name = Release;
		};
/* End XCBuildConfiguration section */

/* Begin XCConfigurationList section */
		CC8DD3A12600F08C0006DB23 /* Build configuration list for PBXProject "FDJ" */ = {
			isa = XCConfigurationList;
			buildConfigurations = (
				CC8DD3B32600F08E0006DB23 /* Debug */,
				CC8DD3B42600F08E0006DB23 /* Release */,
			);
			defaultConfigurationIsVisible = 0;
			defaultConfigurationName = Release;
		};
		CC8DD3B52600F08E0006DB23 /* Build configuration list for PBXNativeTarget "FDJ" */ = {
			isa = XCConfigurationList;
			buildConfigurations = (
				CC8DD3B62600F08E0006DB23 /* Debug */,
				CC8DD3B72600F08E0006DB23 /* Release */,
			);
			defaultConfigurationIsVisible = 0;
			defaultConfigurationName = Release;
		};
/* End XCConfigurationList section */
	};
	rootObject = CC8DD39E2600F08C0006DB23 /* Project object */;
}
